{
  "nodes": {
    "firefox-addons": {
      "inputs": {
        "flake-utils": "flake-utils",
        "nixpkgs": [
          "nixpkgs"
        ]
      },
      "locked": {
        "dir": "pkgs/firefox-addons",
        "lastModified": 1694643084,
        "narHash": "sha256-t3BBrWnaoZn/iRnEPCr7jsHgv+RhRiwGQlwNGJ36aO0=",
        "owner": "rycee",
        "repo": "nur-expressions",
        "rev": "03b1d923dad88c6f76638d82dd8629a5b40d18b7",
        "type": "gitlab"
      },
      "original": {
        "dir": "pkgs/firefox-addons",
        "owner": "rycee",
        "repo": "nur-expressions",
        "type": "gitlab"
      }
    },
    "flake-utils": {
      "locked": {
        "lastModified": 1629284811,
        "narHash": "sha256-JHgasjPR0/J1J3DRm4KxM4zTyAj4IOJY8vIl75v/kPI=",
        "owner": "numtide",
        "repo": "flake-utils",
        "rev": "c5d161cc0af116a2e17f54316f0bf43f0819785c",
        "type": "github"
      },
      "original": {
        "owner": "numtide",
        "repo": "flake-utils",
        "type": "github"
      }
    },
    "home-manager": {
      "inputs": {
        "nixpkgs": [
          "nixpkgs"
        ]
      },
      "locked": {
        "lastModified": 1694642908,
        "narHash": "sha256-0Opzs/56VW03COlVdoBrHJZGxQ7gzLDEWADnccC8ras=",
        "owner": "nix-community",
        "repo": "home-manager",
        "rev": "b62f549653e97d78392c1e282b8ca76546a86585",
        "type": "github"
      },
      "original": {
        "owner": "nix-community",
        "repo": "home-manager",
        "type": "github"
      }
    },
    "nixpkgs": {
      "locked": {
        "lastModified": 1694422566,
        "narHash": "sha256-lHJ+A9esOz9vln/3CJG23FV6Wd2OoOFbDeEs4cMGMqc=",
        "owner": "nixos",
        "repo": "nixpkgs",
        "rev": "3a2786eea085f040a66ecde1bc3ddc7099f6dbeb",
        "type": "github"
      },
      "original": {
        "owner": "nixos",
        "ref": "nixos-unstable",
        "repo": "nixpkgs",
        "type": "github"
      }
    },
    "root": {
      "inputs": {
        "firefox-addons": "firefox-addons",
        "home-manager": "home-manager",
        "nixpkgs": "nixpkgs"
      }
    }
  },
  "root": "root",
  "version": 7
}
